Microsoft Visual Studio Solution File, Format Version 11.00
# Visual Studio 2008

Project("{483BB7CC-7998-5981-49C3-941B99070AA0}") = "Combat Beta", "Assembly-CSharp-firstpass.csproj", "{F6C509B2-F6A7-C2BF-3684-0BDE5DB211A9}"
EndProject
Project("{483BB7CC-7998-5981-49C3-941B99070AA0}") = "Combat Beta", "Assembly-CSharp.csproj", "{EBDDAD1C-FC9F-E230-B1DA-27AF3A30D5AF}"
EndProject
Project("{483BB7CC-7998-5981-49C3-941B99070AA0}") = "Combat Beta", "Assembly-CSharp-Editor-firstpass.csproj", "{C199F3D7-5DCD-D967-A225-C6A92621469F}"
EndProject
Project("{483BB7CC-7998-5981-49C3-941B99070AA0}") = "Combat Beta", "Assembly-CSharp-Editor.csproj", "{32F28053-15EB-366C-02C6-37A7715BBDF5}"
EndProject
Global
	GlobalSection(SolutionConfigurationPlatforms) = preSolution
		Debug|Any CPU = Debug|Any CPU
		Release|Any CPU = Release|Any CPU
	EndGlobalSection
	GlobalSection(ProjectConfigurationPlatforms) = postSolution
		{F6C509B2-F6A7-C2BF-3684-0BDE5DB211A9}.Debug|Any CPU.ActiveCfg = Debug|Any CPU
		{F6C509B2-F6A7-C2BF-3684-0BDE5DB211A9}.Debug|Any CPU.Build.0 = Debug|Any CPU
		{F6C509B2-F6A7-C2BF-3684-0BDE5DB211A9}.Release|Any CPU.ActiveCfg = Release|Any CPU
		{F6C509B2-F6A7-C2BF-3684-0BDE5DB211A9}.Release|Any CPU.Build.0 = Release|Any CPU
		{EBDDAD1C-FC9F-E230-B1DA-27AF3A30D5AF}.Debug|Any CPU.ActiveCfg = Debug|Any CPU
		{EBDDAD1C-FC9F-E230-B1DA-27AF3A30D5AF}.Debug|Any CPU.Build.0 = Debug|Any CPU
		{EBDDAD1C-FC9F-E230-B1DA-27AF3A30D5AF}.Release|Any CPU.ActiveCfg = Release|Any CPU
		{EBDDAD1C-FC9F-E230-B1DA-27AF3A30D5AF}.Release|Any CPU.Build.0 = Release|Any CPU
		{C199F3D7-5DCD-D967-A225-C6A92621469F}.Debug|Any CPU.ActiveCfg = Debug|Any CPU
		{C199F3D7-5DCD-D967-A225-C6A92621469F}.Debug|Any CPU.Build.0 = Debug|Any CPU
		{C199F3D7-5DCD-D967-A225-C6A92621469F}.Release|Any CPU.ActiveCfg = Release|Any CPU
		{C199F3D7-5DCD-D967-A225-C6A92621469F}.Release|Any CPU.Build.0 = Release|Any CPU
		{32F28053-15EB-366C-02C6-37A7715BBDF5}.Debug|Any CPU.ActiveCfg = Debug|Any CPU
		{32F28053-15EB-366C-02C6-37A7715BBDF5}.Debug|Any CPU.Build.0 = Debug|Any CPU
		{32F28053-15EB-366C-02C6-37A7715BBDF5}.Release|Any CPU.ActiveCfg = Release|Any CPU
		{32F28053-15EB-366C-02C6-37A7715BBDF5}.Release|Any CPU.Build.0 = Release|Any CPU
	EndGlobalSection
	GlobalSection(SolutionProperties) = preSolution
		HideSolutionNode = FALSE
	EndGlobalSection
	GlobalSection(MonoDevelopProperties) = preSolution
		StartupItem = Assembly-CSharp.csproj
	EndGlobalSection
EndGlobal
