
Microsoft Visual Studio Solution File, Format Version 12.00
# Visual Studio 2015
Project("{FAE04EC0-301F-11D3-BF4B-00C04F79EFBC}") = "Combat Beta.Plugins", "Combat Beta.Plugins.csproj", "{8BC96F79-E1F9-2CFE-F62B-02665BD58A94}"
EndProject
Project("{FAE04EC0-301F-11D3-BF4B-00C04F79EFBC}") = "Combat Beta", "Combat Beta.csproj", "{A9FDB728-F034-BD27-C737-5BE286FE1710}"
EndProject
Project("{FAE04EC0-301F-11D3-BF4B-00C04F79EFBC}") = "Combat Beta.Editor.Plugins", "Combat Beta.Editor.Plugins.csproj", "{E7D32E53-5A5F-56F8-0626-05AC1D22B9CF}"
EndProject
Project("{FAE04EC0-301F-11D3-BF4B-00C04F79EFBC}") = "Combat Beta.Editor", "Combat Beta.Editor.csproj", "{986DD354-EFEA-E136-3A31-AD5C021C182C}"
EndProject
Global
	GlobalSection(SolutionConfigurationPlatforms) = preSolution
		Debug|Any CPU = Debug|Any CPU
		Release|Any CPU = Release|Any CPU
	EndGlobalSection
	GlobalSection(ProjectConfigurationPlatforms) = postSolution
		{8BC96F79-E1F9-2CFE-F62B-02665BD58A94}.Debug|Any CPU.ActiveCfg = Debug|Any CPU
		{8BC96F79-E1F9-2CFE-F62B-02665BD58A94}.Debug|Any CPU.Build.0 = Debug|Any CPU
		{8BC96F79-E1F9-2CFE-F62B-02665BD58A94}.Release|Any CPU.ActiveCfg = Release|Any CPU
		{8BC96F79-E1F9-2CFE-F62B-02665BD58A94}.Release|Any CPU.Build.0 = Release|Any CPU
		{A9FDB728-F034-BD27-C737-5BE286FE1710}.Debug|Any CPU.ActiveCfg = Debug|Any CPU
		{A9FDB728-F034-BD27-C737-5BE286FE1710}.Debug|Any CPU.Build.0 = Debug|Any CPU
		{A9FDB728-F034-BD27-C737-5BE286FE1710}.Release|Any CPU.ActiveCfg = Release|Any CPU
		{A9FDB728-F034-BD27-C737-5BE286FE1710}.Release|Any CPU.Build.0 = Release|Any CPU
		{E7D32E53-5A5F-56F8-0626-05AC1D22B9CF}.Debug|Any CPU.ActiveCfg = Debug|Any CPU
		{E7D32E53-5A5F-56F8-0626-05AC1D22B9CF}.Debug|Any CPU.Build.0 = Debug|Any CPU
		{E7D32E53-5A5F-56F8-0626-05AC1D22B9CF}.Release|Any CPU.ActiveCfg = Release|Any CPU
		{E7D32E53-5A5F-56F8-0626-05AC1D22B9CF}.Release|Any CPU.Build.0 = Release|Any CPU
		{986DD354-EFEA-E136-3A31-AD5C021C182C}.Debug|Any CPU.ActiveCfg = Debug|Any CPU
		{986DD354-EFEA-E136-3A31-AD5C021C182C}.Debug|Any CPU.Build.0 = Debug|Any CPU
		{986DD354-EFEA-E136-3A31-AD5C021C182C}.Release|Any CPU.ActiveCfg = Release|Any CPU
		{986DD354-EFEA-E136-3A31-AD5C021C182C}.Release|Any CPU.Build.0 = Release|Any CPU
	EndGlobalSection
	GlobalSection(SolutionProperties) = preSolution
		HideSolutionNode = FALSE
	EndGlobalSection
EndGlobal
